
Microsoft Visual Studio Solution File, Format Version 12.00
# Visual Studio Version 17
VisualStudioVersion = 17.7.34202.233
MinimumVisualStudioVersion = 10.0.40219.1
Project("{FAE04EC0-301F-11D3-BF4B-00C04F79EFBC}") = "Traslado Seguro", "Traslado Seguro\Traslado Seguro.csproj", "{171A1B99-B747-453B-93A7-092516BB80CB}"
EndProject
Global
	GlobalSection(SolutionConfigurationPlatforms) = preSolution
		Debug|Any CPU = Debug|Any CPU
		Release|Any CPU = Release|Any CPU
	EndGlobalSection
	GlobalSection(ProjectConfigurationPlatforms) = postSolution
		{171A1B99-B747-453B-93A7-092516BB80CB}.Debug|Any CPU.ActiveCfg = Debug|Any CPU
		{171A1B99-B747-453B-93A7-092516BB80CB}.Debug|Any CPU.Build.0 = Debug|Any CPU
		{171A1B99-B747-453B-93A7-092516BB80CB}.Release|Any CPU.ActiveCfg = Release|Any CPU
		{171A1B99-B747-453B-93A7-092516BB80CB}.Release|Any CPU.Build.0 = Release|Any CPU
	EndGlobalSection
	GlobalSection(SolutionProperties) = preSolution
		HideSolutionNode = FALSE
	EndGlobalSection
	GlobalSection(ExtensibilityGlobals) = postSolution
		SolutionGuid = {0836D8CB-6A44-41C8-A020-E3AFFC05B6BD}
	EndGlobalSection
EndGlobal
